{
  "name": "doi-proj",
  "version": "1.0.0",
  "lockfileVersion": 1,
  "requires": true,
  "dependencies": {
    "doi-to-publisher": {
      "version": "0.0.1",
      "resolved": "https://registry.npmjs.org/doi-to-publisher/-/doi-to-publisher-0.0.1.tgz",
      "integrity": "sha1-ETM6PZvvpiDNK8jt2lXQPRiHRro="
    }
  }
}
